// !$*UTF8*$!
{
	archiveVersion = 1;
	classes = {
	};
	objectVersion = 50;
	objects = {

/* Begin PBXBuildFile section */
		2211259D25ED89D600ABDEF0 /* LanguageRecognizer.swift in Sources */ = {isa = PBXBuildFile; fileRef = 2211259C25ED89D600ABDEF0 /* LanguageRecognizer.swift */; };
		221125A125ED8A2800ABDEF0 /* TagType.swift in Sources */ = {isa = PBXBuildFile; fileRef = 221125A025ED8A2800ABDEF0 /* TagType.swift */; };
		221125A925ED8DCF00ABDEF0 /* Error.swift in Sources */ = {isa = PBXBuildFile; fileRef = 221125A825ED8DCF00ABDEF0 /* Error.swift */; };
		2231FA4725D7128A0094F300 /* Language_Recognizer.framework in Frameworks */ = {isa = PBXBuildFile; fileRef = 2231FA3D25D7128A0094F300 /* Language_Recognizer.framework */; };
		2231FA4C25D7128A0094F300 /* NaturalLanguageRecognizerTests.swift in Sources */ = {isa = PBXBuildFile; fileRef = 2231FA4B25D7128A0094F300 /* NaturalLanguageRecognizerTests.swift */; };
		2231FA5A25D713390094F300 /* NaturalLanguageRecognizer.swift in Sources */ = {isa = PBXBuildFile; fileRef = 2231FA5925D713390094F300 /* NaturalLanguageRecognizer.swift */; };
/* End PBXBuildFile section */

/* Begin PBXContainerItemProxy section */
		2231FA4825D7128A0094F300 /* PBXContainerItemProxy */ = {
			isa = PBXContainerItemProxy;
			containerPortal = 2231FA3425D7128A0094F300 /* Project object */;
			proxyType = 1;
			remoteGlobalIDString = 2231FA3C25D7128A0094F300;
			remoteInfo = "Language Recognizer";
		};
/* End PBXContainerItemProxy section */

/* Begin PBXFileReference section */
		2211259C25ED89D600ABDEF0 /* LanguageRecognizer.swift */ = {isa = PBXFileReference; lastKnownFileType = sourcecode.swift; path = LanguageRecognizer.swift; sourceTree = "<group>"; };
		221125A025ED8A2800ABDEF0 /* TagType.swift */ = {isa = PBXFileReference; lastKnownFileType = sourcecode.swift; path = TagType.swift; sourceTree = "<group>"; };
		221125A825ED8DCF00ABDEF0 /* Error.swift */ = {isa = PBXFileReference; lastKnownFileType = sourcecode.swift; path = Error.swift; sourceTree = "<group>"; };
		221125BC25ED8E5500ABDEF0 /* Readme.md */ = {isa = PBXFileReference; lastKnownFileType = net.daringfireball.markdown; path = Readme.md; sourceTree = "<group>"; };
		2231FA3D25D7128A0094F300 /* Language_Recognizer.framework */ = {isa = PBXFileReference; explicitFileType = wrapper.framework; includeInIndex = 0; path = Language_Recognizer.framework; sourceTree = BUILT_PRODUCTS_DIR; };
		2231FA4125D7128A0094F300 /* Info.plist */ = {isa = PBXFileReference; lastKnownFileType = text.plist.xml; path = Info.plist; sourceTree = "<group>"; };
		2231FA4625D7128A0094F300 /* Language Recognizer Tests.xctest */ = {isa = PBXFileReference; explicitFileType = wrapper.cfbundle; includeInIndex = 0; path = "Language Recognizer Tests.xctest"; sourceTree = BUILT_PRODUCTS_DIR; };
		2231FA4B25D7128A0094F300 /* NaturalLanguageRecognizerTests.swift */ = {isa = PBXFileReference; lastKnownFileType = sourcecode.swift; path = NaturalLanguageRecognizerTests.swift; sourceTree = "<group>"; };
		2231FA4D25D7128A0094F300 /* Info.plist */ = {isa = PBXFileReference; lastKnownFileType = text.plist.xml; path = Info.plist; sourceTree = "<group>"; };
		2231FA5925D713390094F300 /* NaturalLanguageRecognizer.swift */ = {isa = PBXFileReference; lastKnownFileType = sourcecode.swift; path = NaturalLanguageRecognizer.swift; sourceTree = "<group>"; };
/* End PBXFileReference section */

/* Begin PBXFrameworksBuildPhase section */
		2231FA3A25D7128A0094F300 /* Frameworks */ = {
			isa = PBXFrameworksBuildPhase;
			buildActionMask = 2147483647;
			files = (
			);
			runOnlyForDeploymentPostprocessing = 0;
		};
		2231FA4325D7128A0094F300 /* Frameworks */ = {
			isa = PBXFrameworksBuildPhase;
			buildActionMask = 2147483647;
			files = (
				2231FA4725D7128A0094F300 /* Language_Recognizer.framework in Frameworks */,
			);
			runOnlyForDeploymentPostprocessing = 0;
		};
/* End PBXFrameworksBuildPhase section */

/* Begin PBXGroup section */
		2211258B25ED883100ABDEF0 /* Frameworks */ = {
			isa = PBXGroup;
			children = (
				2231FA3F25D7128A0094F300 /* Language Recognizer */,
				2231FA4A25D7128A0094F300 /* Language RecognizerTests */,
			);
			path = Frameworks;
			sourceTree = "<group>";
		};
		2231FA3325D7128A0094F300 = {
			isa = PBXGroup;
			children = (
				221125BC25ED8E5500ABDEF0 /* Readme.md */,
				2211258B25ED883100ABDEF0 /* Frameworks */,
				2231FA3E25D7128A0094F300 /* Products */,
			);
			sourceTree = "<group>";
		};
		2231FA3E25D7128A0094F300 /* Products */ = {
			isa = PBXGroup;
			children = (
				2231FA3D25D7128A0094F300 /* Language_Recognizer.framework */,
				2231FA4625D7128A0094F300 /* Language Recognizer Tests.xctest */,
			);
			name = Products;
			sourceTree = "<group>";
		};
		2231FA3F25D7128A0094F300 /* Language Recognizer */ = {
			isa = PBXGroup;
			children = (
				2231FA4125D7128A0094F300 /* Info.plist */,
				2231FA5925D713390094F300 /* NaturalLanguageRecognizer.swift */,
				2211259C25ED89D600ABDEF0 /* LanguageRecognizer.swift */,
				221125A025ED8A2800ABDEF0 /* TagType.swift */,
				221125A825ED8DCF00ABDEF0 /* Error.swift */,
			);
			path = "Language Recognizer";
			sourceTree = "<group>";
		};
		2231FA4A25D7128A0094F300 /* Language RecognizerTests */ = {
			isa = PBXGroup;
			children = (
				2231FA4D25D7128A0094F300 /* Info.plist */,
				2231FA4B25D7128A0094F300 /* NaturalLanguageRecognizerTests.swift */,
			);
			path = "Language RecognizerTests";
			sourceTree = "<group>";
		};
/* End PBXGroup section */

/* Begin PBXHeadersBuildPhase section */
		2231FA3825D7128A0094F300 /* Headers */ = {
			isa = PBXHeadersBuildPhase;
			buildActionMask = 2147483647;
			files = (
			);
			runOnlyForDeploymentPostprocessing = 0;
		};
/* End PBXHeadersBuildPhase section */

/* Begin PBXNativeTarget section */
		2231FA3C25D7128A0094F300 /* Language Recognizer */ = {
			isa = PBXNativeTarget;
			buildConfigurationList = 2231FA5125D7128A0094F300 /* Build configuration list for PBXNativeTarget "Language Recognizer" */;
			buildPhases = (
				2231FA3825D7128A0094F300 /* Headers */,
				2231FA3925D7128A0094F300 /* Sources */,
				2231FA3A25D7128A0094F300 /* Frameworks */,
				2231FA3B25D7128A0094F300 /* Resources */,
			);
			buildRules = (
			);
			dependencies = (
			);
			name = "Language Recognizer";
			productName = "Language Recognizer";
			productReference = 2231FA3D25D7128A0094F300 /* Language_Recognizer.framework */;
			productType = "com.apple.product-type.framework";
		};
		2231FA4525D7128A0094F300 /* Language Recognizer Tests */ = {
			isa = PBXNativeTarget;
			buildConfigurationList = 2231FA5425D7128A0094F300 /* Build configuration list for PBXNativeTarget "Language Recognizer Tests" */;
			buildPhases = (
				2231FA4225D7128A0094F300 /* Sources */,
				2231FA4325D7128A0094F300 /* Frameworks */,
				2231FA4425D7128A0094F300 /* Resources */,
			);
			buildRules = (
			);
			dependencies = (
				2231FA4925D7128A0094F300 /* PBXTargetDependency */,
			);
			name = "Language Recognizer Tests";
			productName = "Language RecognizerTests";
			productReference = 2231FA4625D7128A0094F300 /* Language Recognizer Tests.xctest */;
			productType = "com.apple.product-type.bundle.unit-test";
		};
/* End PBXNativeTarget section */

/* Begin PBXProject section */
		2231FA3425D7128A0094F300 /* Project object */ = {
			isa = PBXProject;
			attributes = {
				LastSwiftUpdateCheck = 1240;
				LastUpgradeCheck = 1240;
				TargetAttributes = {
					2231FA3C25D7128A0094F300 = {
						CreatedOnToolsVersion = 12.4;
						LastSwiftMigration = 1240;
					};
					2231FA4525D7128A0094F300 = {
						CreatedOnToolsVersion = 12.4;
					};
				};
			};
			buildConfigurationList = 2231FA3725D7128A0094F300 /* Build configuration list for PBXProject "Done Remastered" */;
			compatibilityVersion = "Xcode 9.3";
			developmentRegion = en;
			hasScannedForEncodings = 0;
			knownRegions = (
				en,
				Base,
			);
			mainGroup = 2231FA3325D7128A0094F300;
			productRefGroup = 2231FA3E25D7128A0094F300 /* Products */;
			projectDirPath = "";
			projectRoot = "";
			targets = (
				2231FA3C25D7128A0094F300 /* Language Recognizer */,
				2231FA4525D7128A0094F300 /* Language Recognizer Tests */,
			);
		};
/* End PBXProject section */

/* Begin PBXResourcesBuildPhase section */
		2231FA3B25D7128A0094F300 /* Resources */ = {
			isa = PBXResourcesBuildPhase;
			buildActionMask = 2147483647;
			files = (
			);
			runOnlyForDeploymentPostprocessing = 0;
		};
		2231FA4425D7128A0094F300 /* Resources */ = {
			isa = PBXResourcesBuildPhase;
			buildActionMask = 2147483647;
			files = (
			);
			runOnlyForDeploymentPostprocessing = 0;
		};
/* End PBXResourcesBuildPhase section */

/* Begin PBXSourcesBuildPhase section */
		2231FA3925D7128A0094F300 /* Sources */ = {
			isa = PBXSourcesBuildPhase;
			buildActionMask = 2147483647;
			files = (
				221125A925ED8DCF00ABDEF0 /* Error.swift in Sources */,
				221125A125ED8A2800ABDEF0 /* TagType.swift in Sources */,
				2231FA5A25D713390094F300 /* NaturalLanguageRecognizer.swift in Sources */,
				2211259D25ED89D600ABDEF0 /* LanguageRecognizer.swift in Sources */,
			);
			runOnlyForDeploymentPostprocessing = 0;
		};
		2231FA4225D7128A0094F300 /* Sources */ = {
			isa = PBXSourcesBuildPhase;
			buildActionMask = 2147483647;
			files = (
				2231FA4C25D7128A0094F300 /* NaturalLanguageRecognizerTests.swift in Sources */,
			);
			runOnlyForDeploymentPostprocessing = 0;
		};
/* End PBXSourcesBuildPhase section */

/* Begin PBXTargetDependency section */
		2231FA4925D7128A0094F300 /* PBXTargetDependency */ = {
			isa = PBXTargetDependency;
			target = 2231FA3C25D7128A0094F300 /* Language Recognizer */;
			targetProxy = 2231FA4825D7128A0094F300 /* PBXContainerItemProxy */;
		};
/* End PBXTargetDependency section */

/* Begin XCBuildConfiguration section */
		2231FA4F25D7128A0094F300 /* Debug */ = {
			isa = XCBuildConfiguration;
			buildSettings = {
				ALWAYS_SEARCH_USER_PATHS = NO;
				CLANG_ANALYZER_NONNULL = YES;
				CLANG_ANALYZER_NUMBER_OBJECT_CONVERSION = YES_AGGRESSIVE;
				CLANG_CXX_LANGUAGE_STANDARD = "gnu++14";
				CLANG_CXX_LIBRARY = "libc++";
				CLANG_ENABLE_MODULES = YES;
				CLANG_ENABLE_OBJC_ARC = YES;
				CLANG_ENABLE_OBJC_WEAK = YES;
				CLANG_WARN_BLOCK_CAPTURE_AUTORELEASING = YES;
				CLANG_WARN_BOOL_CONVERSION = YES;
				CLANG_WARN_COMMA = YES;
				CLANG_WARN_CONSTANT_CONVERSION = YES;
				CLANG_WARN_DEPRECATED_OBJC_IMPLEMENTATIONS = YES;
				CLANG_WARN_DIRECT_OBJC_ISA_USAGE = YES_ERROR;
				CLANG_WARN_DOCUMENTATION_COMMENTS = YES;
				CLANG_WARN_EMPTY_BODY = YES;
				CLANG_WARN_ENUM_CONVERSION = YES;
				CLANG_WARN_INFINITE_RECURSION = YES;
				CLANG_WARN_INT_CONVERSION = YES;
				CLANG_WARN_NON_LITERAL_NULL_CONVERSION = YES;
				CLANG_WARN_OBJC_IMPLICIT_RETAIN_SELF = YES;
				CLANG_WARN_OBJC_LITERAL_CONVERSION = YES;
				CLANG_WARN_OBJC_ROOT_CLASS = YES_ERROR;
				CLANG_WARN_QUOTED_INCLUDE_IN_FRAMEWORK_HEADER = YES;
				CLANG_WARN_RANGE_LOOP_ANALYSIS = YES;
				CLANG_WARN_STRICT_PROTOTYPES = YES;
				CLANG_WARN_SUSPICIOUS_MOVE = YES;
				CLANG_WARN_UNGUARDED_AVAILABILITY = YES_AGGRESSIVE;
				CLANG_WARN_UNREACHABLE_CODE = YES;
				CLANG_WARN__DUPLICATE_METHOD_MATCH = YES;
				COPY_PHASE_STRIP = NO;
				CURRENT_PROJECT_VERSION = 1;
				DEBUG_INFORMATION_FORMAT = dwarf;
				ENABLE_STRICT_OBJC_MSGSEND = YES;
				ENABLE_TESTABILITY = YES;
				GCC_C_LANGUAGE_STANDARD = gnu11;
				GCC_DYNAMIC_NO_PIC = NO;
				GCC_NO_COMMON_BLOCKS = YES;
				GCC_OPTIMIZATION_LEVEL = 0;
				GCC_PREPROCESSOR_DEFINITIONS = (
					"DEBUG=1",
					"$(inherited)",
				);
				GCC_WARN_64_TO_32_BIT_CONVERSION = YES;
				GCC_WARN_ABOUT_RETURN_TYPE = YES_ERROR;
				GCC_WARN_UNDECLARED_SELECTOR = YES;
				GCC_WARN_UNINITIALIZED_AUTOS = YES_AGGRESSIVE;
				GCC_WARN_UNUSED_FUNCTION = YES;
				GCC_WARN_UNUSED_VARIABLE = YES;
				MACOSX_DEPLOYMENT_TARGET = 11.1;
				MTL_ENABLE_DEBUG_INFO = INCLUDE_SOURCE;
				MTL_FAST_MATH = YES;
				ONLY_ACTIVE_ARCH = YES;
				SDKROOT = macosx;
				SWIFT_ACTIVE_COMPILATION_CONDITIONS = DEBUG;
				SWIFT_OPTIMIZATION_LEVEL = "-Onone";
				VERSIONING_SYSTEM = "apple-generic";
				VERSION_INFO_PREFIX = "";
			};
			name = Debug;
		};
		2231FA5025D7128A0094F300 /* Release */ = {
			isa = XCBuildConfiguration;
			buildSettings = {
				ALWAYS_SEARCH_USER_PATHS = NO;
				CLANG_ANALYZER_NONNULL = YES;
				CLANG_ANALYZER_NUMBER_OBJECT_CONVERSION = YES_AGGRESSIVE;
				CLANG_CXX_LANGUAGE_STANDARD = "gnu++14";
				CLANG_CXX_LIBRARY = "libc++";
				CLANG_ENABLE_MODULES = YES;
				CLANG_ENABLE_OBJC_ARC = YES;
				CLANG_ENABLE_OBJC_WEAK = YES;
				CLANG_WARN_BLOCK_CAPTURE_AUTORELEASING = YES;
				CLANG_WARN_BOOL_CONVERSION = YES;
				CLANG_WARN_COMMA = YES;
				CLANG_WARN_CONSTANT_CONVERSION = YES;
				CLANG_WARN_DEPRECATED_OBJC_IMPLEMENTATIONS = YES;
				CLANG_WARN_DIRECT_OBJC_ISA_USAGE = YES_ERROR;
				CLANG_WARN_DOCUMENTATION_COMMENTS = YES;
				CLANG_WARN_EMPTY_BODY = YES;
				CLANG_WARN_ENUM_CONVERSION = YES;
				CLANG_WARN_INFINITE_RECURSION = YES;
				CLANG_WARN_INT_CONVERSION = YES;
				CLANG_WARN_NON_LITERAL_NULL_CONVERSION = YES;
				CLANG_WARN_OBJC_IMPLICIT_RETAIN_SELF = YES;
				CLANG_WARN_OBJC_LITERAL_CONVERSION = YES;
				CLANG_WARN_OBJC_ROOT_CLASS = YES_ERROR;
				CLANG_WARN_QUOTED_INCLUDE_IN_FRAMEWORK_HEADER = YES;
				CLANG_WARN_RANGE_LOOP_ANALYSIS = YES;
				CLANG_WARN_STRICT_PROTOTYPES = YES;
				CLANG_WARN_SUSPICIOUS_MOVE = YES;
				CLANG_WARN_UNGUARDED_AVAILABILITY = YES_AGGRESSIVE;
				CLANG_WARN_UNREACHABLE_CODE = YES;
				CLANG_WARN__DUPLICATE_METHOD_MATCH = YES;
				COPY_PHASE_STRIP = NO;
				CURRENT_PROJECT_VERSION = 1;
				DEBUG_INFORMATION_FORMAT = "dwarf-with-dsym";
				ENABLE_NS_ASSERTIONS = NO;
				ENABLE_STRICT_OBJC_MSGSEND = YES;
				GCC_C_LANGUAGE_STANDARD = gnu11;
				GCC_NO_COMMON_BLOCKS = YES;
				GCC_WARN_64_TO_32_BIT_CONVERSION = YES;
				GCC_WARN_ABOUT_RETURN_TYPE = YES_ERROR;
				GCC_WARN_UNDECLARED_SELECTOR = YES;
				GCC_WARN_UNINITIALIZED_AUTOS = YES_AGGRESSIVE;
				GCC_WARN_UNUSED_FUNCTION = YES;
				GCC_WARN_UNUSED_VARIABLE = YES;
				MACOSX_DEPLOYMENT_TARGET = 11.1;
				MTL_ENABLE_DEBUG_INFO = NO;
				MTL_FAST_MATH = YES;
				SDKROOT = macosx;
				SWIFT_COMPILATION_MODE = wholemodule;
				SWIFT_OPTIMIZATION_LEVEL = "-O";
				VERSIONING_SYSTEM = "apple-generic";
				VERSION_INFO_PREFIX = "";
			};
			name = Release;
		};
		2231FA5225D7128A0094F300 /* Debug */ = {
			isa = XCBuildConfiguration;
			buildSettings = {
				CLANG_ENABLE_MODULES = YES;
				CODE_SIGN_STYLE = Automatic;
				COMBINE_HIDPI_IMAGES = YES;
				DEFINES_MODULE = YES;
				DEVELOPMENT_TEAM = 43HPDBHL29;
				DYLIB_COMPATIBILITY_VERSION = 1;
				DYLIB_CURRENT_VERSION = 1;
				DYLIB_INSTALL_NAME_BASE = "@rpath";
				INFOPLIST_FILE = "$(SRCROOT)/Frameworks/Language Recognizer/Info.plist";
				INSTALL_PATH = "$(LOCAL_LIBRARY_DIR)/Frameworks";
				LD_RUNPATH_SEARCH_PATHS = (
					"$(inherited)",
					"@executable_path/../Frameworks",
					"@loader_path/Frameworks",
				);
				PRODUCT_BUNDLE_IDENTIFIER = "com.timmikelj.doneSwiftUIiOS.Language-Recognizer";
				PRODUCT_NAME = "$(TARGET_NAME:c99extidentifier)";
				SKIP_INSTALL = YES;
				SWIFT_OPTIMIZATION_LEVEL = "-Onone";
				SWIFT_VERSION = 5.0;
			};
			name = Debug;
		};
		2231FA5325D7128A0094F300 /* Release */ = {
			isa = XCBuildConfiguration;
			buildSettings = {
				CLANG_ENABLE_MODULES = YES;
				CODE_SIGN_STYLE = Automatic;
				COMBINE_HIDPI_IMAGES = YES;
				DEFINES_MODULE = YES;
				DEVELOPMENT_TEAM = 43HPDBHL29;
				DYLIB_COMPATIBILITY_VERSION = 1;
				DYLIB_CURRENT_VERSION = 1;
				DYLIB_INSTALL_NAME_BASE = "@rpath";
				INFOPLIST_FILE = "$(SRCROOT)/Frameworks/Language Recognizer/Info.plist";
				INSTALL_PATH = "$(LOCAL_LIBRARY_DIR)/Frameworks";
				LD_RUNPATH_SEARCH_PATHS = (
					"$(inherited)",
					"@executable_path/../Frameworks",
					"@loader_path/Frameworks",
				);
				PRODUCT_BUNDLE_IDENTIFIER = "com.timmikelj.doneSwiftUIiOS.Language-Recognizer";
				PRODUCT_NAME = "$(TARGET_NAME:c99extidentifier)";
				SKIP_INSTALL = YES;
				SWIFT_VERSION = 5.0;
			};
			name = Release;
		};
		2231FA5525D7128A0094F300 /* Debug */ = {
			isa = XCBuildConfiguration;
			buildSettings = {
				ALWAYS_EMBED_SWIFT_STANDARD_LIBRARIES = YES;
				CODE_SIGN_STYLE = Automatic;
				COMBINE_HIDPI_IMAGES = YES;
				DEVELOPMENT_TEAM = 43HPDBHL29;
				INFOPLIST_FILE = "Frameworks/Language RecognizerTests/Info.plist";
				LD_RUNPATH_SEARCH_PATHS = (
					"$(inherited)",
					"@executable_path/../Frameworks",
					"@loader_path/../Frameworks",
				);
				PRODUCT_BUNDLE_IDENTIFIER = "com.timmikelj.doneSwiftUIiOS.Language-RecognizerTests";
				PRODUCT_NAME = "$(TARGET_NAME)";
				SWIFT_VERSION = 5.0;
			};
			name = Debug;
		};
		2231FA5625D7128A0094F300 /* Release */ = {
			isa = XCBuildConfiguration;
			buildSettings = {
				ALWAYS_EMBED_SWIFT_STANDARD_LIBRARIES = YES;
				CODE_SIGN_STYLE = Automatic;
				COMBINE_HIDPI_IMAGES = YES;
				DEVELOPMENT_TEAM = 43HPDBHL29;
				INFOPLIST_FILE = "Frameworks/Language RecognizerTests/Info.plist";
				LD_RUNPATH_SEARCH_PATHS = (
					"$(inherited)",
					"@executable_path/../Frameworks",
					"@loader_path/../Frameworks",
				);
				PRODUCT_BUNDLE_IDENTIFIER = "com.timmikelj.doneSwiftUIiOS.Language-RecognizerTests";
				PRODUCT_NAME = "$(TARGET_NAME)";
				SWIFT_VERSION = 5.0;
			};
			name = Release;
		};
/* End XCBuildConfiguration section */

/* Begin XCConfigurationList section */
		2231FA3725D7128A0094F300 /* Build configuration list for PBXProject "Done Remastered" */ = {
			isa = XCConfigurationList;
			buildConfigurations = (
				2231FA4F25D7128A0094F300 /* Debug */,
				2231FA5025D7128A0094F300 /* Release */,
			);
			defaultConfigurationIsVisible = 0;
			defaultConfigurationName = Release;
		};
		2231FA5125D7128A0094F300 /* Build configuration list for PBXNativeTarget "Language Recognizer" */ = {
			isa = XCConfigurationList;
			buildConfigurations = (
				2231FA5225D7128A0094F300 /* Debug */,
				2231FA5325D7128A0094F300 /* Release */,
			);
			defaultConfigurationIsVisible = 0;
			defaultConfigurationName = Release;
		};
		2231FA5425D7128A0094F300 /* Build configuration list for PBXNativeTarget "Language Recognizer Tests" */ = {
			isa = XCConfigurationList;
			buildConfigurations = (
				2231FA5525D7128A0094F300 /* Debug */,
				2231FA5625D7128A0094F300 /* Release */,
			);
			defaultConfigurationIsVisible = 0;
			defaultConfigurationName = Release;
		};
/* End XCConfigurationList section */
	};
	rootObject = 2231FA3425D7128A0094F300 /* Project object */;
}
